
Microsoft Visual Studio Solution File, Format Version 12.00
# Visual Studio 2012
Project("{FAE04EC0-301F-11D3-BF4B-00C04F79EFBC}") = "PiocPlatform", "PiocPlatform\PiocPlatform.csproj", "{DE3DB2BF-F4B2-4E0B-ADC8-C14B6C95147C}"
EndProject
Project("{FAE04EC0-301F-11D3-BF4B-00C04F79EFBC}") = "ViewDesigner", "ViewDesigner\ViewDesigner.csproj", "{12980D5B-8157-4554-8434-EC11E05031F9}"
EndProject
Global
	GlobalSection(SolutionConfigurationPlatforms) = preSolution
		Debug|Any CPU = Debug|Any CPU
		Release|Any CPU = Release|Any CPU
	EndGlobalSection
	GlobalSection(ProjectConfigurationPlatforms) = postSolution
		{DE3DB2BF-F4B2-4E0B-ADC8-C14B6C95147C}.Debug|Any CPU.ActiveCfg = Debug|Any CPU
		{DE3DB2BF-F4B2-4E0B-ADC8-C14B6C95147C}.Debug|Any CPU.Build.0 = Debug|Any CPU
		{DE3DB2BF-F4B2-4E0B-ADC8-C14B6C95147C}.Release|Any CPU.ActiveCfg = Release|Any CPU
		{DE3DB2BF-F4B2-4E0B-ADC8-C14B6C95147C}.Release|Any CPU.Build.0 = Release|Any CPU
		{12980D5B-8157-4554-8434-EC11E05031F9}.Debug|Any CPU.ActiveCfg = Debug|Any CPU
		{12980D5B-8157-4554-8434-EC11E05031F9}.Debug|Any CPU.Build.0 = Debug|Any CPU
		{12980D5B-8157-4554-8434-EC11E05031F9}.Release|Any CPU.ActiveCfg = Release|Any CPU
		{12980D5B-8157-4554-8434-EC11E05031F9}.Release|Any CPU.Build.0 = Release|Any CPU
	EndGlobalSection
	GlobalSection(SolutionProperties) = preSolution
		HideSolutionNode = FALSE
	EndGlobalSection
EndGlobal
